# Generated by buf. DO NOT EDIT.
version: v1
deps:
  - remote: buf.build
    owner: googleapis
    repository: googleapis
    branch: main
    commit: d1a849b8f8304950832335723096e954
    digest: b1-zJkwX0YeOp1Wa0Jaj_RqMLa2-oEzePH6PJEK8aaMeI4=
    create_time: 2021-08-26T15:07:19.652533Z
  - remote: buf.build
    owner: v8platform
    repository: encodingapis
    branch: main
    commit: ed9a75c1223f43759e3c7be9067aa8ac
    digest: b1-kAStsQhzYGPt2Wk8ZNCl6KYUNoKQS1JwwwgpEXLPyZs=
    create_time: 2021-09-02T12:20:10.287435Z
  - remote: buf.build
    owner: v8platform
    repository: rasapis
    branch: main
    commit: 2acc6cd2e6a44c0d8c940f019b8d6a38
    digest: b1-RRbo_cKkbttPYpdAcbDh1PdzvJJ1htZdG2nEHAnLkY8=
    create_time: 2021-09-02T11:22:36.776644Z
  - remote: buf.build
    owner: v8platform
    repository: serializeapis
    branch: main
    commit: c6777970f4f748cdbf4d2e08f3ddb7f6
    digest: b1-0kju0o3NVuhTey-B952lNBq43-ioLojNsMebUwZUG_k=
    create_time: 2021-09-02T11:18:48.395721Z
