# Generated by buf. DO NOT EDIT.
version: v1
deps:
  - remote: buf.build
    owner: googleapis
    repository: googleapis
    branch: main
    commit: 7d452530229747c18e7fb356d083908e
    digest: b1--iOE3RUMTW_MZfzxxCUgplse84R14WEekhQwcz1rIGQ=
    create_time: 2021-09-16T15:04:58.905133Z
  - remote: buf.build
    owner: grpc-ecosystem
    repository: grpc-gateway
    branch: main
    commit: de24a84aed3d4d84806740946b55d947
    digest: b1-Q-mEW3P3NR5UL8gm0pr3YWFSo5DAtrBqqgvkwH2WFWw=
    create_time: 2021-09-08T00:32:28.231758Z
  - remote: buf.build
    owner: v8platform
    repository: encodingapis
    branch: main
    commit: 091695bd6f3f4d0586002d3d0968d58b
    digest: b1-5jEAqm3xGhroobf8noT90y9leB7HYIrgmLfg5M32wgs=
    create_time: 2021-09-07T09:19:15.738113Z
  - remote: buf.build
    owner: v8platform
    repository: serializeapis
    branch: main
    commit: a6246712ab2d4c7c9d39db56af30c29f
    digest: b1-POYK5yqMR2XramkW0fhT3tgaMai5H3QVonnMsFn1mqc=
    create_time: 2021-09-02T14:45:14.885435Z
