# Generated by buf. DO NOT EDIT.
version: v1
deps:
  - remote: buf.build
    owner: googleapis
    repository: googleapis
    branch: main
    commit: d1a849b8f8304950832335723096e954
    digest: b1-zJkwX0YeOp1Wa0Jaj_RqMLa2-oEzePH6PJEK8aaMeI4=
    create_time: 2021-08-26T15:07:19.652533Z
  - remote: buf.build
    owner: v8platform
    repository: encodingapis
    branch: main
    commit: ed9a75c1223f43759e3c7be9067aa8ac
    digest: b1-kAStsQhzYGPt2Wk8ZNCl6KYUNoKQS1JwwwgpEXLPyZs=
    create_time: 2021-09-02T12:20:10.287435Z
  - remote: buf.build
    owner: v8platform
    repository: rasapis
    branch: main
    commit: 1cbb8402348f49d898fbc5e09f5d2c22
    digest: b1-u2gLa7llo2APcb9BWhxaUcIVW5e9wuHn4cpHaI8xfeU=
    create_time: 2021-09-02T14:45:40.015879Z
  - remote: buf.build
    owner: v8platform
    repository: serializeapis
    branch: main
    commit: a6246712ab2d4c7c9d39db56af30c29f
    digest: b1-POYK5yqMR2XramkW0fhT3tgaMai5H3QVonnMsFn1mqc=
    create_time: 2021-09-02T14:45:14.885435Z
